
Microsoft Visual Studio Solution File, Format Version 12.00
# Visual Studio Version 17
VisualStudioVersion = 17.10.35122.118
MinimumVisualStudioVersion = 10.0.40219.1
Project("{FAE04EC0-301F-11D3-BF4B-00C04F79EFBC}") = "Semana1_Clase2", "Semana1_Clase2.csproj", "{BA99DB3D-3538-4F9C-8E3A-6C74EAC72F3C}"
EndProject
Global
	GlobalSection(SolutionConfigurationPlatforms) = preSolution
		Debug|Any CPU = Debug|Any CPU
		Release|Any CPU = Release|Any CPU
	EndGlobalSection
	GlobalSection(ProjectConfigurationPlatforms) = postSolution
		{BA99DB3D-3538-4F9C-8E3A-6C74EAC72F3C}.Debug|Any CPU.ActiveCfg = Debug|Any CPU
		{BA99DB3D-3538-4F9C-8E3A-6C74EAC72F3C}.Debug|Any CPU.Build.0 = Debug|Any CPU
		{BA99DB3D-3538-4F9C-8E3A-6C74EAC72F3C}.Release|Any CPU.ActiveCfg = Release|Any CPU
		{BA99DB3D-3538-4F9C-8E3A-6C74EAC72F3C}.Release|Any CPU.Build.0 = Release|Any CPU
	EndGlobalSection
	GlobalSection(SolutionProperties) = preSolution
		HideSolutionNode = FALSE
	EndGlobalSection
	GlobalSection(ExtensibilityGlobals) = postSolution
		SolutionGuid = {0B828A85-9CF2-40A8-9F9A-F247219CD340}
	EndGlobalSection
EndGlobal
